
Microsoft Visual Studio Solution File, Format Version 12.00
# Visual Studio 15
VisualStudioVersion = 15.0.27004.2009
MinimumVisualStudioVersion = 10.0.40219.1
Project("{FAE04EC0-301F-11D3-BF4B-00C04F79EFBC}") = "PUBG sucks", "recoil test\PUBG sucks.csproj", "{4EBF3F17-F624-4264-A7E3-B5BC3DBDA329}"
EndProject
Global
	GlobalSection(SolutionConfigurationPlatforms) = preSolution
		Debug|Any CPU = Debug|Any CPU
		Release|Any CPU = Release|Any CPU
	EndGlobalSection
	GlobalSection(ProjectConfigurationPlatforms) = postSolution
		{4EBF3F17-F624-4264-A7E3-B5BC3DBDA329}.Debug|Any CPU.ActiveCfg = Debug|Any CPU
		{4EBF3F17-F624-4264-A7E3-B5BC3DBDA329}.Debug|Any CPU.Build.0 = Debug|Any CPU
		{4EBF3F17-F624-4264-A7E3-B5BC3DBDA329}.Release|Any CPU.ActiveCfg = Release|Any CPU
		{4EBF3F17-F624-4264-A7E3-B5BC3DBDA329}.Release|Any CPU.Build.0 = Release|Any CPU
	EndGlobalSection
	GlobalSection(SolutionProperties) = preSolution
		HideSolutionNode = FALSE
	EndGlobalSection
	GlobalSection(ExtensibilityGlobals) = postSolution
		SolutionGuid = {563E1376-84FC-4A55-A3AF-4F6B08954C83}
	EndGlobalSection
EndGlobal
